# Generated by pub
# See https://dart.dev/tools/pub/glossary#lockfile
packages:
  ansicolor:
    dependency: transitive
    description:
      name: ansicolor
      sha256: "50e982d500bc863e1d703448afdbf9e5a72eb48840a4f766fa361ffd6877055f"
      url: "https://pub.dev"
    source: hosted
    version: "2.0.3"
  app_links:
    dependency: "direct main"
    description:
      name: app_links
      sha256: "3462d9defc61565fde4944858b59bec5be2b9d5b05f20aed190adb3ad08a7abc"
      url: "https://pub.dev"
    source: hosted
    version: "7.0.0"
  app_links_linux:
    dependency: transitive
    description:
      name: app_links_linux
      sha256: f5f7173a78609f3dfd4c2ff2c95bd559ab43c80a87dc6a095921d96c05688c81
      url: "https://pub.dev"
    source: hosted
    version: "1.0.3"
  app_links_platform_interface:
    dependency: transitive
    description:
      name: app_links_platform_interface
      sha256: "05f5379577c513b534a29ddea68176a4d4802c46180ee8e2e966257158772a3f"
      url: "https://pub.dev"
    source: hosted
    version: "2.0.2"
  app_links_web:
    dependency: transitive
    description:
      name: app_links_web
      sha256: af060ed76183f9e2b87510a9480e56a5352b6c249778d07bd2c95fc35632a555
      url: "https://pub.dev"
    source: hosted
    version: "1.0.4"
  archive:
    dependency: transitive
    description:
      name: archive
      sha256: a96e8b390886ee8abb49b7bd3ac8df6f451c621619f52a26e815fdcf568959ff
      url: "https://pub.dev"
    source: hosted
    version: "4.0.9"
  args:
    dependency: transitive
    description:
      name: args
      sha256: d0481093c50b1da8910eb0bb301626d4d8eb7284aa739614d2b394ee09e3ea04
      url: "https://pub.dev"
    source: hosted
    version: "2.7.0"
  asn1lib:
    dependency: transitive
    description:
      name: asn1lib
      sha256: "9a8f69025044eb466b9b60ef3bc3ac99b4dc6c158ae9c56d25eeccf5bc56d024"
      url: "https://pub.dev"
    source: hosted
    version: "1.6.5"
  async:
    dependency: transitive
    description:
      name: async
      sha256: e2eb0491ba5ddb6177742d2da23904574082139b07c1e33b8503b9f46f3e1a37
      url: "https://pub.dev"
    source: hosted
    version: "2.13.1"
  awesome_notifications:
    dependency: "direct main"
    description:
      name: awesome_notifications
      sha256: "0d5fa4457f2ba4e536adc3ef6af709cdcecf4a05a1f3035981e9afa2f899b2a8"
      url: "https://pub.dev"
    source: hosted
    version: "0.10.1"
  better_player:
    dependency: "direct main"
    description:
      path: "."
      ref: HEAD
      resolved-ref: "072e7f250a43278352924ee1a76a2f4052287033"
      url: "https://github.com/frostnova721/betterplayer.git"
    source: git
    version: "1.0.0"
  boolean_selector:
    dependency: transitive
    description:
      name: boolean_selector
      sha256: "8aab1771e1243a5063b8b0ff68042d67334e3feab9e95b9490f9a6ebf73b42ea"
      url: "https://pub.dev"
    source: hosted
    version: "2.1.2"
  cached_network_image:
    dependency: "direct main"
    description:
      name: cached_network_image
      sha256: "7c1183e361e5c8b0a0f21a28401eecdbde252441106a9816400dd4c2b2424916"
      url: "https://pub.dev"
    source: hosted
    version: "3.4.1"
  cached_network_image_platform_interface:
    dependency: transitive
    description:
      name: cached_network_image_platform_interface
      sha256: "35814b016e37fbdc91f7ae18c8caf49ba5c88501813f73ce8a07027a395e2829"
      url: "https://pub.dev"
    source: hosted
    version: "4.1.1"
  cached_network_image_web:
    dependency: transitive
    description:
      name: cached_network_image_web
      sha256: "980842f4e8e2535b8dbd3d5ca0b1f0ba66bf61d14cc3a17a9b4788a3685ba062"
      url: "https://pub.dev"
    source: hosted
    version: "1.3.1"
  characters:
    dependency: transitive
    description:
      name: characters
      sha256: faf38497bda5ead2a8c7615f4f7939df04333478bf32e4173fcb06d428b5716b
      url: "https://pub.dev"
    source: hosted
    version: "1.4.1"
  checked_yaml:
    dependency: transitive
    description:
      name: checked_yaml
      sha256: "959525d3162f249993882720d52b7e0c833978df229be20702b33d48d91de70f"
      url: "https://pub.dev"
    source: hosted
    version: "2.0.4"
  cli_util:
    dependency: transitive
    description:
      name: cli_util
      sha256: ff6785f7e9e3c38ac98b2fb035701789de90154024a75b6cb926445e83197d1c
      url: "https://pub.dev"
    source: hosted
    version: "0.4.2"
  clock:
    dependency: transitive
    description:
      name: clock
      sha256: fddb70d9b5277016c77a80201021d40a2247104d9f4aa7bab7157b7e3f05b84b
      url: "https://pub.dev"
    source: hosted
    version: "1.1.2"
  code_assets:
    dependency: transitive
    description:
      name: code_assets
      sha256: bf394f466ba9205f1812a0433b392d6af280f155f56651eda7c18cc32ed493b8
      url: "https://pub.dev"
    source: hosted
    version: "1.2.1"
  collection:
    dependency: transitive
    description:
      name: collection
      sha256: "2f5709ae4d3d59dd8f7cd309b4e023046b57d8a6c82130785d2b0e5868084e76"
      url: "https://pub.dev"
    source: hosted
    version: "1.19.1"
  commentum_client:
    dependency: "direct main"
    description:
      path: "."
      ref: HEAD
      resolved-ref: "6cd43f44cc05db301271807fdced125e28fbde9e"
      url: "https://github.com/frostnova721/commentum_client"
    source: git
    version: "1.1.0"
  convert:
    dependency: transitive
    description:
      name: convert
      sha256: b30acd5944035672bc15c6b7a8b47d773e41e2f17de064350988c5d02adb1c68
      url: "https://pub.dev"
    source: hosted
    version: "3.1.2"
  cross_file:
    dependency: transitive
    description:
      name: cross_file
      sha256: "92c9c43c383bfa1c32079d3bc492d55d6d4318044b7b47edaff8971cbb555c51"
      url: "https://pub.dev"
    source: hosted
    version: "0.3.5+4"
  crypto:
    dependency: "direct main"
    description:
      name: crypto
      sha256: c8ea0233063ba03258fbcf2ca4d6dadfefe14f02fab57702265467a19f27fadf
      url: "https://pub.dev"
    source: hosted
    version: "3.0.7"
  csslib:
    dependency: transitive
    description:
      name: csslib
      sha256: "09bad715f418841f976c77db72d5398dc1253c21fb9c0c7f0b0b985860b2d58e"
      url: "https://pub.dev"
    source: hosted
    version: "1.0.2"
  cupertino_icons:
    dependency: transitive
    description:
      name: cupertino_icons
      sha256: "41e005c33bd814be4d3096aff55b1908d419fde52ca656c8c47719ec745873cd"
      url: "https://pub.dev"
    source: hosted
    version: "1.0.9"
  dart_discord_presence:
    dependency: "direct main"
    description:
      name: dart_discord_presence
      sha256: "6860826f809517d354e2af14e504e46809afde11c43ff3685c7438073d226211"
      url: "https://pub.dev"
    source: hosted
    version: "1.2.0"
  dbus:
    dependency: transitive
    description:
      name: dbus
      sha256: "0ce9b0a839e6dee59a37a623d2fc26a35bbbe6404213e419b0d6411023d62645"
      url: "https://pub.dev"
    source: hosted
    version: "0.7.14"
  desktop_webview_window:
    dependency: "direct main"
    description:
      name: desktop_webview_window
      sha256: "57cf20d81689d5cbb1adfd0017e96b669398a669d927906073b0e42fc64111c0"
      url: "https://pub.dev"
    source: hosted
    version: "0.2.3"
  device_info_plus:
    dependency: "direct main"
    description:
      name: device_info_plus
      sha256: b4fed1b2835da9d670d7bed7db79ae2a94b0f5ad6312268158a9b5479abbacdd
      url: "https://pub.dev"
    source: hosted
    version: "12.4.0"
  device_info_plus_platform_interface:
    dependency: transitive
    description:
      name: device_info_plus_platform_interface
      sha256: e1ea89119e34903dca74b883d0dd78eb762814f97fb6c76f35e9ff74d261a18f
      url: "https://pub.dev"
    source: hosted
    version: "7.0.3"
  dynamic_color:
    dependency: "direct main"
    description:
      name: dynamic_color
      sha256: "43a5a6679649a7731ab860334a5812f2067c2d9ce6452cf069c5e0c25336c17c"
      url: "https://pub.dev"
    source: hosted
    version: "1.8.1"
  encrypt:
    dependency: "direct main"
    description:
      name: encrypt
      sha256: "62d9aa4670cc2a8798bab89b39fc71b6dfbacf615de6cf5001fb39f7e4a996a2"
      url: "https://pub.dev"
    source: hosted
    version: "5.0.3"
  fake_async:
    dependency: transitive
    description:
      name: fake_async
      sha256: "5368f224a74523e8d2e7399ea1638b37aecfca824a3cc4dfdf77bf1fa905ac44"
      url: "https://pub.dev"
    source: hosted
    version: "1.3.3"
  ffi:
    dependency: transitive
    description:
      name: ffi
      sha256: "6d7fd89431262d8f3125e81b50d3847a091d846eafcd4fdb88dd06f36d705a45"
      url: "https://pub.dev"
    source: hosted
    version: "2.2.0"
  file:
    dependency: transitive
    description:
      name: file
      sha256: a3b4f84adafef897088c160faf7dfffb7696046cb13ae90b508c2cbc95d3b8d4
      url: "https://pub.dev"
    source: hosted
    version: "7.0.1"
  file_picker:
    dependency: "direct main"
    description:
      name: file_picker
      sha256: "57d9a1dd5063f85fa3107fb42d1faffda52fdc948cefd5fe5ea85267a5fc7343"
      url: "https://pub.dev"
    source: hosted
    version: "10.3.10"
  fixnum:
    dependency: transitive
    description:
      name: fixnum
      sha256: b6dc7065e46c974bc7c5f143080a6764ec7a4be6da1285ececdc37be96de53be
      url: "https://pub.dev"
    source: hosted
    version: "1.1.1"
  flutter:
    dependency: "direct main"
    description: flutter
    source: sdk
    version: "0.0.0"
  flutter_cache_manager:
    dependency: transitive
    description:
      name: flutter_cache_manager
      sha256: "400b6592f16a4409a7f2bb929a9a7e38c72cceb8ffb99ee57bbf2cb2cecf8386"
      url: "https://pub.dev"
    source: hosted
    version: "3.4.1"
  flutter_launcher_icons:
    dependency: "direct dev"
    description:
      name: flutter_launcher_icons
      sha256: "10f13781741a2e3972126fae08393d3c4e01fa4cd7473326b94b72cf594195e7"
      url: "https://pub.dev"
    source: hosted
    version: "0.14.4"
  flutter_markdown_plus:
    dependency: "direct main"
    description:
      name: flutter_markdown_plus
      sha256: "2e4b667a75c08e5710866ae010da392acf5af475f9ad0be9bf406525e9751b0c"
      url: "https://pub.dev"
    source: hosted
    version: "1.0.11"
  flutter_native_splash:
    dependency: "direct main"
    description:
      name: flutter_native_splash
      sha256: "4fb9f4113350d3a80841ce05ebf1976a36de622af7d19aca0ca9a9911c7ff002"
      url: "https://pub.dev"
    source: hosted
    version: "2.4.7"
  flutter_plugin_android_lifecycle:
    dependency: transitive
    description:
      name: flutter_plugin_android_lifecycle
      sha256: "3854fe5e3bff0b113c658f260b90c95dea17c92db0f2addeac2e343dd9969785"
      url: "https://pub.dev"
    source: hosted
    version: "2.0.35"
  flutter_secure_storage:
    dependency: "direct main"
    description:
      name: flutter_secure_storage
      sha256: "7686b1d6a29985dcbb808c59518226e603e3bfa7c0ddfd1a0d00e4cda77c868e"
      url: "https://pub.dev"
    source: hosted
    version: "10.3.1"
  flutter_secure_storage_darwin:
    dependency: transitive
    description:
      name: flutter_secure_storage_darwin
      sha256: "82329fa5cdf343773b1b6897dea959105a29f092454259edff92f9f6637e8149"
      url: "https://pub.dev"
    source: hosted
    version: "0.3.2"
  flutter_secure_storage_linux:
    dependency: transitive
    description:
      name: flutter_secure_storage_linux
      sha256: a5f35ddab43cf5c8215d2feb4ce1957851f28c5c37e6f04335066a0602087bf5
      url: "https://pub.dev"
    source: hosted
    version: "3.0.1"
  flutter_secure_storage_platform_interface:
    dependency: transitive
    description:
      name: flutter_secure_storage_platform_interface
      sha256: "8ceea1223bee3c6ac1a22dabd8feefc550e4729b3675de4b5900f55afcb435d6"
      url: "https://pub.dev"
    source: hosted
    version: "2.0.1"
  flutter_secure_storage_web:
    dependency: transitive
    description:
      name: flutter_secure_storage_web
      sha256: "073a62b3aeb866ab4ce795f960413948e51e5a42a9b0c8333b6daf5bb3208a1c"
      url: "https://pub.dev"
    source: hosted
    version: "2.1.1"
  flutter_secure_storage_windows:
    dependency: transitive
    description:
      name: flutter_secure_storage_windows
      sha256: "3b7c8e068875dfd46719ff57c90d8c459c87f2302ed6b00ff006b3c9fcad1613"
      url: "https://pub.dev"
    source: hosted
    version: "4.1.0"
  flutter_svg:
    dependency: "direct main"
    description:
      name: flutter_svg
      sha256: "35882981abcbfb8c15b286f0cd690ff25bac12d95eff3e25ee207f37d4c42e7f"
      url: "https://pub.dev"
    source: hosted
    version: "2.3.0"
  flutter_test:
    dependency: "direct dev"
    description: flutter
    source: sdk
    version: "0.0.0"
  flutter_web_auth_2:
    dependency: "direct main"
    description:
      name: flutter_web_auth_2
      sha256: "3c14babeaa066c371f3a743f204dd0d348b7d42ffa6fae7a9847a521aff33696"
      url: "https://pub.dev"
    source: hosted
    version: "4.1.0"
  flutter_web_auth_2_platform_interface:
    dependency: transitive
    description:
      name: flutter_web_auth_2_platform_interface
      sha256: c63a472c8070998e4e422f6b34a17070e60782ac442107c70000dd1bed645f4d
      url: "https://pub.dev"
    source: hosted
    version: "4.1.0"
  flutter_web_plugins:
    dependency: transitive
    description: flutter
    source: sdk
    version: "0.0.0"
  flutter_widget_from_html_core:
    dependency: transitive
    description:
      name: flutter_widget_from_html_core
      sha256: "7ff010b116f6abc16429923e616fbc727f3f65ef4cee12ffdb280aeecbc21e7f"
      url: "https://pub.dev"
    source: hosted
    version: "0.17.2"
  fvp:
    dependency: "direct main"
    description:
      path: "."
      ref: HEAD
      resolved-ref: "78d0bc531e5f3ffa010b7e20a7ddd76e2982b88f"
      url: "https://github.com/frostnova721/fvp.git"
    source: git
    version: "0.35.2"
  gtk:
    dependency: transitive
    description:
      name: gtk
      sha256: "4ff85b2a16724029dd9e5bbb5a94b6918f9973f74ba571c949d2002801879cf5"
      url: "https://pub.dev"
    source: hosted
    version: "2.2.0"
  hive:
    dependency: "direct main"
    description:
      name: hive
      sha256: "8dcf6db979d7933da8217edcec84e9df1bdb4e4edc7fc77dbd5aa74356d6d941"
      url: "https://pub.dev"
    source: hosted
    version: "2.2.3"
  hive_flutter:
    dependency: "direct main"
    description:
      name: hive_flutter
      sha256: dca1da446b1d808a51689fb5d0c6c9510c0a2ba01e22805d492c73b68e33eecc
      url: "https://pub.dev"
    source: hosted
    version: "1.1.0"
  hooks:
    dependency: transitive
    description:
      name: hooks
      sha256: "9a62a50b50b769a737bc0a8ff381f333529df3ab746b2f6b02e83760231455ba"
      url: "https://pub.dev"
    source: hosted
    version: "2.0.2"
  html:
    dependency: "direct main"
    description:
      name: html
      sha256: "6d1264f2dffa1b1101c25a91dff0dc2daee4c18e87cd8538729773c073dbf602"
      url: "https://pub.dev"
    source: hosted
    version: "0.15.6"
  http:
    dependency: "direct main"
    description:
      name: http
      sha256: "87721a4a50b19c7f1d49001e51409bddc46303966ce89a65af4f4e6004896412"
      url: "https://pub.dev"
    source: hosted
    version: "1.6.0"
  http_parser:
    dependency: transitive
    description:
      name: http_parser
      sha256: "178d74305e7866013777bab2c3d8726205dc5a4dd935297175b19a23a2e66571"
      url: "https://pub.dev"
    source: hosted
    version: "4.1.2"
  image:
    dependency: transitive
    description:
      name: image
      sha256: f9881ff4998044947ec38d098bc7c8316ae1186fa786eddffdb867b9bc94dfce
      url: "https://pub.dev"
    source: hosted
    version: "4.8.0"
  inno_bundle:
    dependency: "direct dev"
    description:
      name: inno_bundle
      sha256: f5e7dd8aa5d55a101695928a02dcaddbaccc2394c5a53fd727cc905e00987558
      url: "https://pub.dev"
    source: hosted
    version: "0.11.2"
  intl:
    dependency: transitive
    description:
      name: intl
      sha256: "1ca20c894b1717686a2319b8548763d812bc0aabdac580420a44c5178c57a867"
      url: "https://pub.dev"
    source: hosted
    version: "0.20.3"
  jni:
    dependency: transitive
    description:
      name: jni
      sha256: c2230682d5bc2362c1c9e8d3c7f406d9cbba23ab3f2e203a025dd47e0fb2e68f
      url: "https://pub.dev"
    source: hosted
    version: "1.0.0"
  jni_flutter:
    dependency: transitive
    description:
      name: jni_flutter
      sha256: "8b59e590786050b1cd866677dddaf76b1ade5e7bc751abe04b86e84d379d3ba6"
      url: "https://pub.dev"
    source: hosted
    version: "1.0.1"
  js:
    dependency: transitive
    description:
      name: js
      sha256: "53385261521cc4a0c4658fd0ad07a7d14591cf8fc33abbceae306ddb974888dc"
      url: "https://pub.dev"
    source: hosted
    version: "0.7.2"
  js_unpack:
    dependency: "direct main"
    description:
      name: js_unpack
      sha256: "5697ffebf995d3ddb27b58fafd0c87bc01251cb1cf1afb9f71685559e8578dd6"
      url: "https://pub.dev"
    source: hosted
    version: "1.0.4"
  json_annotation:
    dependency: transitive
    description:
      name: json_annotation
      sha256: "2a743920d81b7910627f68ee2c9ac1fc0bfee32b9fc3403587d7c6791ca12f80"
      url: "https://pub.dev"
    source: hosted
    version: "4.12.0"
  leak_tracker:
    dependency: transitive
    description:
      name: leak_tracker
      sha256: "33e2e26bdd85a0112ec15400c8cbffea70d0f9c3407491f672a2fad47915e2de"
      url: "https://pub.dev"
    source: hosted
    version: "11.0.2"
  leak_tracker_flutter_testing:
    dependency: transitive
    description:
      name: leak_tracker_flutter_testing
      sha256: "1dbc140bb5a23c75ea9c4811222756104fbcd1a27173f0c34ca01e16bea473c1"
      url: "https://pub.dev"
    source: hosted
    version: "3.0.10"
  leak_tracker_testing:
    dependency: transitive
    description:
      name: leak_tracker_testing
      sha256: "8d5a2d49f4a66b49744b23b018848400d23e54caf9463f4eb20df3eb8acb2eb1"
      url: "https://pub.dev"
    source: hosted
    version: "3.0.2"
  logging:
    dependency: transitive
    description:
      name: logging
      sha256: c8245ada5f1717ed44271ed1c26b8ce85ca3228fd2ffdb75468ab01979309d61
      url: "https://pub.dev"
    source: hosted
    version: "1.3.0"
  markdown:
    dependency: transitive
    description:
      name: markdown
      sha256: ee85086ad7698b42522c6ad42fe195f1b9898e4d974a1af4576c1a3a176cada9
      url: "https://pub.dev"
    source: hosted
    version: "7.3.1"
  matcher:
    dependency: transitive
    description:
      name: matcher
      sha256: "31bd099b47c10cd1aeb55146a2d46ce0277630ecef3f7dae54ad7873f36696cd"
      url: "https://pub.dev"
    source: hosted
    version: "0.12.20"
  material_color_utilities:
    dependency: transitive
    description:
      name: material_color_utilities
      sha256: "9c337007e82b1889149c82ed242ed1cb24a66044e30979c44912381e9be4c48b"
      url: "https://pub.dev"
    source: hosted
    version: "0.13.0"
  meta:
    dependency: transitive
    description:
      name: meta
      sha256: "307249ce4ff29d58a18e97f6345f539382eb9c9c29ecda628900f31de0443dd9"
      url: "https://pub.dev"
    source: hosted
    version: "1.19.0"
  nested:
    dependency: transitive
    description:
      name: nested
      sha256: "03bac4c528c64c95c722ec99280375a6f2fc708eec17c7b3f07253b626cd2a20"
      url: "https://pub.dev"
    source: hosted
    version: "1.0.0"
  objective_c:
    dependency: transitive
    description:
      name: objective_c
      sha256: "6cb691c686fa2838c6deb34980d426145c2a5d537491cb83d463c33cdbc726ed"
      url: "https://pub.dev"
    source: hosted
    version: "9.4.1"
  octo_image:
    dependency: transitive
    description:
      name: octo_image
      sha256: "34faa6639a78c7e3cbe79be6f9f96535867e879748ade7d17c9b1ae7536293bd"
      url: "https://pub.dev"
    source: hosted
    version: "2.1.0"
  open_file:
    dependency: "direct main"
    description:
      name: open_file
      sha256: b22decdae85b459eac24aeece48f33845c6f16d278a9c63d75c5355345ca236b
      url: "https://pub.dev"
    source: hosted
    version: "3.5.11"
  open_file_android:
    dependency: transitive
    description:
      name: open_file_android
      sha256: f48a342b0347bf82bebf68c752f5cfce162965ce8449c5ecdafc406d294aa63d
      url: "https://pub.dev"
    source: hosted
    version: "1.1.0"
  open_file_ios:
    dependency: transitive
    description:
      name: open_file_ios
      sha256: "0e3e67dcd12f69888128f533cacc092039627dd4f1d7a95a2826b814ae4ea8aa"
      url: "https://pub.dev"
    source: hosted
    version: "1.1.0"
  open_file_linux:
    dependency: transitive
    description:
      name: open_file_linux
      sha256: d189f799eecbb139c97f8bc7d303f9e720954fa4e0fa1b0b7294767e5f2d7550
      url: "https://pub.dev"
    source: hosted
    version: "0.0.5"
  open_file_mac:
    dependency: transitive
    description:
      name: open_file_mac
      sha256: "1abe00e65f792b9baa1e15fdf4d44af5e813b1696ac307d71535543122a01e30"
      url: "https://pub.dev"
    source: hosted
    version: "1.1.0"
  open_file_platform_interface:
    dependency: transitive
    description:
      name: open_file_platform_interface
      sha256: dc302e4bd5c1d77acec4240bd0dbc1d9f2ee6882b1ce52bca5298369da7acf12
      url: "https://pub.dev"
    source: hosted
    version: "1.1.0"
  open_file_web:
    dependency: transitive
    description:
      name: open_file_web
      sha256: e3dbc9584856283dcb30aef5720558b90f88036360bd078e494ab80a80130c4f
      url: "https://pub.dev"
    source: hosted
    version: "0.0.4"
  open_file_windows:
    dependency: transitive
    description:
      name: open_file_windows
      sha256: d26c31ddf935a94a1a3aa43a23f4fff8a5ff4eea395fe7a8cb819cf55431c875
      url: "https://pub.dev"
    source: hosted
    version: "0.0.3"
  package_config:
    dependency: transitive
    description:
      name: package_config
      sha256: f096c55ebb7deb7e384101542bfba8c52696c1b56fca2eb62827989ef2353bbc
      url: "https://pub.dev"
    source: hosted
    version: "2.2.0"
  package_info_plus:
    dependency: "direct main"
    description:
      name: package_info_plus
      sha256: "468c26b4254ab01979fa5e4a98cb343ea3631b9acee6f21028997419a80e1a20"
      url: "https://pub.dev"
    source: hosted
    version: "9.0.1"
  package_info_plus_platform_interface:
    dependency: transitive
    description:
      name: package_info_plus_platform_interface
      sha256: "202a487f08836a592a6bd4f901ac69b3a8f146af552bbd14407b6b41e1c3f086"
      url: "https://pub.dev"
    source: hosted
    version: "3.2.1"
  path:
    dependency: transitive
    description:
      name: path
      sha256: "75cca69d1490965be98c73ceaea117e8a04dd21217b37b292c9ddbec0d955bc5"
      url: "https://pub.dev"
    source: hosted
    version: "1.9.1"
  path_parsing:
    dependency: transitive
    description:
      name: path_parsing
      sha256: "883402936929eac138ee0a45da5b0f2c80f89913e6dc3bf77eb65b84b409c6ca"
      url: "https://pub.dev"
    source: hosted
    version: "1.1.0"
  path_provider:
    dependency: "direct main"
    description:
      name: path_provider
      sha256: a7f4874f987173da295a61c181b8ee71dab59b332a486b391babf26a1b884825
      url: "https://pub.dev"
    source: hosted
    version: "2.1.6"
  path_provider_android:
    dependency: transitive
    description:
      name: path_provider_android
      sha256: "69cbd515a62b94d32a7944f086b2f82b4ac40a1d45bebfc00813a430ab2dabcd"
      url: "https://pub.dev"
    source: hosted
    version: "2.3.1"
  path_provider_foundation:
    dependency: transitive
    description:
      name: path_provider_foundation
      sha256: "2a376b7d6392d80cd3705782d2caa734ca4727776db0b6ec36ef3f1855197699"
      url: "https://pub.dev"
    source: hosted
    version: "2.6.0"
  path_provider_linux:
    dependency: transitive
    description:
      name: path_provider_linux
      sha256: "58c2005f147315b11e9b4a7bc889cd5203e250cba8e3f012dae259b4972b5c16"
      url: "https://pub.dev"
    source: hosted
    version: "2.2.2"
  path_provider_platform_interface:
    dependency: transitive
    description:
      name: path_provider_platform_interface
      sha256: "484838772624c3a4b94f1e44a3e19897fee738f2d5c4ce448443b0417f7c9dda"
      url: "https://pub.dev"
    source: hosted
    version: "2.1.3"
  path_provider_windows:
    dependency: transitive
    description:
      name: path_provider_windows
      sha256: bd6f00dbd873bfb70d0761682da2b3a2c2fccc2b9e84c495821639601d81afe7
      url: "https://pub.dev"
    source: hosted
    version: "2.3.0"
  permission_handler:
    dependency: "direct main"
    description:
      name: permission_handler
      sha256: fe54465bcc62a4564c6e4db337bbaded6c0c0fa6e10487414436d163114784f6
      url: "https://pub.dev"
    source: hosted
    version: "12.0.3"
  permission_handler_android:
    dependency: transitive
    description:
      name: permission_handler_android
      sha256: "1e3bc410ca1bf84662104b100eb126e066cb55791b7451307f9708d4007350e6"
      url: "https://pub.dev"
    source: hosted
    version: "13.0.1"
  permission_handler_apple:
    dependency: transitive
    description:
      name: permission_handler_apple
      sha256: f49cb15a064ea9d974fc7fbb302099353b7b170d07284e86e264561579e5bcf8
      url: "https://pub.dev"
    source: hosted
    version: "9.6.1"
  permission_handler_html:
    dependency: transitive
    description:
      name: permission_handler_html
      sha256: "6ea98b3f17f60d3b527f2647ed2ab4dc0f6bfe25b22cb1c363f5d8f62252f6ac"
      url: "https://pub.dev"
    source: hosted
    version: "0.1.4+1"
  permission_handler_platform_interface:
    dependency: transitive
    description:
      name: permission_handler_platform_interface
      sha256: a5c8a97ecf5616112a5b16d4b8e9ec0e5ae90ef63ac69c0d7b8ae240be760b23
      url: "https://pub.dev"
    source: hosted
    version: "4.4.0"
  permission_handler_windows:
    dependency: transitive
    description:
      name: permission_handler_windows
      sha256: caeae01858a0a7d2df67a445ac98e1ad95e55a0e77c73044f4e9b1c8c2289cbd
      url: "https://pub.dev"
    source: hosted
    version: "0.2.2"
  petitparser:
    dependency: transitive
    description:
      name: petitparser
      sha256: "91bd59303e9f769f108f8df05e371341b15d59e995e6806aefab827b58336675"
      url: "https://pub.dev"
    source: hosted
    version: "7.0.2"
  platform:
    dependency: transitive
    description:
      name: platform
      sha256: "5d6b1b0036a5f331ebc77c850ebc8506cbc1e9416c27e59b439f917a902a4984"
      url: "https://pub.dev"
    source: hosted
    version: "3.1.6"
  plugin_platform_interface:
    dependency: transitive
    description:
      name: plugin_platform_interface
      sha256: "4820fbfdb9478b1ebae27888254d445073732dae3d6ea81f0b7e06d5dedc3f02"
      url: "https://pub.dev"
    source: hosted
    version: "2.1.8"
  pointycastle:
    dependency: transitive
    description:
      name: pointycastle
      sha256: "4be0097fcf3fd3e8449e53730c631200ebc7b88016acecab2b0da2f0149222fe"
      url: "https://pub.dev"
    source: hosted
    version: "3.9.1"
  posix:
    dependency: transitive
    description:
      name: posix
      sha256: "185ef7606574f789b40f289c233efa52e96dead518aed988e040a10737febb07"
      url: "https://pub.dev"
    source: hosted
    version: "6.5.0"
  provider:
    dependency: "direct main"
    description:
      name: provider
      sha256: "4e82183fa20e5ca25703ead7e05de9e4cceed1fbd1eadc1ac3cb6f565a09f272"
      url: "https://pub.dev"
    source: hosted
    version: "6.1.5+1"
  pub_semver:
    dependency: transitive
    description:
      name: pub_semver
      sha256: "5bfcf68ca79ef689f8990d1160781b4bad40a3bd5e5218ad4076ddb7f4081585"
      url: "https://pub.dev"
    source: hosted
    version: "2.2.0"
  pull_to_refresh:
    dependency: "direct main"
    description:
      name: pull_to_refresh
      sha256: bbadd5a931837b57739cf08736bea63167e284e71fb23b218c8c9a6e042aad12
      url: "https://pub.dev"
    source: hosted
    version: "2.0.0"
  record_use:
    dependency: transitive
    description:
      name: record_use
      sha256: "2551bd8eecfe95d14ae75f6021ad0248be5c27f138c2ec12fcb52b500b3ba1ed"
      url: "https://pub.dev"
    source: hosted
    version: "0.6.0"
  rxdart:
    dependency: transitive
    description:
      name: rxdart
      sha256: "5c3004a4a8dbb94bd4bf5412a4def4acdaa12e12f269737a5751369e12d1a962"
      url: "https://pub.dev"
    source: hosted
    version: "0.28.0"
  screen_brightness:
    dependency: "direct main"
    description:
      name: screen_brightness
      sha256: e0edf92c08889e8f493cde291e7c687db2b4a1471f2371c074070b75d7c7d79b
      url: "https://pub.dev"
    source: hosted
    version: "2.1.11"
  screen_brightness_android:
    dependency: transitive
    description:
      name: screen_brightness_android
      sha256: "2008ad8e9527cc968f7a4de1ec58b476d495b3c612a149dbd6550c4f046da147"
      url: "https://pub.dev"
    source: hosted
    version: "2.1.6"
  screen_brightness_ios:
    dependency: transitive
    description:
      name: screen_brightness_ios
      sha256: "352d355e8523a186ba1e494b74218e5ca96e51975a0630b8ed89fbb7ff609762"
      url: "https://pub.dev"
    source: hosted
    version: "2.1.4"
  screen_brightness_macos:
    dependency: transitive
    description:
      name: screen_brightness_macos
      sha256: b0957237b842d846a84363b69f229b339a8f91faced55041e245b2ebff7b0142
      url: "https://pub.dev"
    source: hosted
    version: "2.1.4"
  screen_brightness_ohos:
    dependency: transitive
    description:
      name: screen_brightness_ohos
      sha256: "569a2c97909a50894b81487619eb7654f5358443a5af05f840c19261f49c0940"
      url: "https://pub.dev"
    source: hosted
    version: "2.1.4"
  screen_brightness_platform_interface:
    dependency: transitive
    description:
      name: screen_brightness_platform_interface
      sha256: "2de60c0ba569b898950029cc1f7e9dd72bda44a22beb5054aac331cb6fce2ff2"
      url: "https://pub.dev"
    source: hosted
    version: "2.1.2"
  screen_brightness_windows:
    dependency: transitive
    description:
      name: screen_brightness_windows
      sha256: "368b9c822e1671de81616e48150006e39eff2a434957e47ee638b09a32b2297c"
      url: "https://pub.dev"
    source: hosted
    version: "2.1.2"
  screen_retriever:
    dependency: transitive
    description:
      name: screen_retriever
      sha256: ace919117a7520c13a50a6259e60c4a0d4cbe98809468792a91b5c5adada2aa6
      url: "https://pub.dev"
    source: hosted
    version: "0.2.2"
  screen_retriever_linux:
    dependency: transitive
    description:
      name: screen_retriever_linux
      sha256: "7b52006a5ceae1f3d5af7f77188c3290d6e7d8ded16d99809bea84967c65c257"
      url: "https://pub.dev"
    source: hosted
    version: "0.2.2"
  screen_retriever_macos:
    dependency: transitive
    description:
      name: screen_retriever_macos
      sha256: a1489b99cce597c45a54b9aae1cd94c8d4705353b7e0bb2457a6e4de44e0ad8a
      url: "https://pub.dev"
    source: hosted
    version: "0.2.2"
  screen_retriever_platform_interface:
    dependency: transitive
    description:
      name: screen_retriever_platform_interface
      sha256: "94a5535277510a63184ca178ce12a1449bc0b38618879aa1c18bf57369c5064a"
      url: "https://pub.dev"
    source: hosted
    version: "0.2.2"
  screen_retriever_windows:
    dependency: transitive
    description:
      name: screen_retriever_windows
      sha256: dafc6922b0bfbf1d48cf3ccbf519b4fff47bdcb820da1728ea6db675fecc9324
      url: "https://pub.dev"
    source: hosted
    version: "0.2.2"
  sky_engine:
    dependency: transitive
    description: flutter
    source: sdk
    version: "0.0.0"
  source_span:
    dependency: transitive
    description:
      name: source_span
      sha256: "56a02f1f4cd1a2d96303c0144c93bd6d909eea6bee6bf5a0e0b685edbd4c47ab"
      url: "https://pub.dev"
    source: hosted
    version: "1.10.2"
  sqflite:
    dependency: transitive
    description:
      name: sqflite
      sha256: "564cfed0746fe53140c23b70b308e045c3b31f17778f2f326ccb7d804ea0250a"
      url: "https://pub.dev"
    source: hosted
    version: "2.4.2+1"
  sqflite_android:
    dependency: transitive
    description:
      name: sqflite_android
      sha256: "881e28efdcc9950fd8e9bb42713dcf1103e62a2e7168f23c9338d82db13dec40"
      url: "https://pub.dev"
    source: hosted
    version: "2.4.2+3"
  sqflite_common:
    dependency: transitive
    description:
      name: sqflite_common
      sha256: "1581ffbf7a0e333b380d6a30737d78516b826cb35beb7fb0bf8a3ea0c678b465"
      url: "https://pub.dev"
    source: hosted
    version: "2.5.8"
  sqflite_darwin:
    dependency: transitive
    description:
      name: sqflite_darwin
      sha256: "279832e5cde3fe99e8571879498c9211f3ca6391b0d818df4e17d9fff5c6ccb3"
      url: "https://pub.dev"
    source: hosted
    version: "2.4.2"
  sqflite_platform_interface:
    dependency: transitive
    description:
      name: sqflite_platform_interface
      sha256: "8dd4515c7bdcae0a785b0062859336de775e8c65db81ae33dd5445f35be61920"
      url: "https://pub.dev"
    source: hosted
    version: "2.4.0"
  stack_trace:
    dependency: transitive
    description:
      name: stack_trace
      sha256: "8b27215b45d22309b5cddda1aa2b19bdfec9df0e765f2de506401c071d38d1b1"
      url: "https://pub.dev"
    source: hosted
    version: "1.12.1"
  stream_channel:
    dependency: transitive
    description:
      name: stream_channel
      sha256: "969e04c80b8bcdf826f8f16579c7b14d780458bd97f56d107d3950fdbeef059d"
      url: "https://pub.dev"
    source: hosted
    version: "2.1.4"
  string_scanner:
    dependency: transitive
    description:
      name: string_scanner
      sha256: "921cd31725b72fe181906c6a94d987c78e3b98c2e205b397ea399d4054872b43"
      url: "https://pub.dev"
    source: hosted
    version: "1.4.1"
  synchronized:
    dependency: transitive
    description:
      name: synchronized
      sha256: "63896c27e81b28f8cb4e69ead0d3e8f03f1d1e5fc531a3e579cabed6a2c7c9e5"
      url: "https://pub.dev"
    source: hosted
    version: "3.4.0+1"
  term_glyph:
    dependency: transitive
    description:
      name: term_glyph
      sha256: "7f554798625ea768a7518313e58f83891c7f5024f88e46e7182a4558850a4b8e"
      url: "https://pub.dev"
    source: hosted
    version: "1.2.2"
  test_api:
    dependency: transitive
    description:
      name: test_api
      sha256: "2a122cbe059f8b610d3a5415f42e255b6c17b1f21eee1d960f31080237fb4f11"
      url: "https://pub.dev"
    source: hosted
    version: "0.7.12"
  typed_data:
    dependency: transitive
    description:
      name: typed_data
      sha256: f9049c039ebfeb4cf7a7104a675823cd72dba8297f264b6637062516699fa006
      url: "https://pub.dev"
    source: hosted
    version: "1.4.0"
  universal_io:
    dependency: transitive
    description:
      name: universal_io
      sha256: f63cbc48103236abf48e345e07a03ce5757ea86285ed313a6a032596ed9301e2
      url: "https://pub.dev"
    source: hosted
    version: "2.3.1"
  url_launcher:
    dependency: "direct main"
    description:
      name: url_launcher
      sha256: f6a7e5c4835bb4e3026a04793a4199ca2d14c739ec378fdfe23fc8075d0439f8
      url: "https://pub.dev"
    source: hosted
    version: "6.3.2"
  url_launcher_android:
    dependency: transitive
    description:
      name: url_launcher_android
      sha256: "17bc677f0b301615530dd1d67e0a9828cafa2d0b6b6eae4cd3679b7eac4a273c"
      url: "https://pub.dev"
    source: hosted
    version: "6.3.30"
  url_launcher_ios:
    dependency: transitive
    description:
      name: url_launcher_ios
      sha256: "580fe5dfb51671ae38191d316e027f6b76272b026370708c2d898799750a02b0"
      url: "https://pub.dev"
    source: hosted
    version: "6.4.1"
  url_launcher_linux:
    dependency: transitive
    description:
      name: url_launcher_linux
      sha256: d5e14138b3bc193a0f63c10a53c94b91d399df0512b1f29b94a043db7482384a
      url: "https://pub.dev"
    source: hosted
    version: "3.2.2"
  url_launcher_macos:
    dependency: transitive
    description:
      name: url_launcher_macos
      sha256: "368adf46f71ad3c21b8f06614adb38346f193f3a59ba8fe9a2fd74133070ba18"
      url: "https://pub.dev"
    source: hosted
    version: "3.2.5"
  url_launcher_platform_interface:
    dependency: transitive
    description:
      name: url_launcher_platform_interface
      sha256: "552f8a1e663569be95a8190206a38187b531910283c3e982193e4f2733f01029"
      url: "https://pub.dev"
    source: hosted
    version: "2.3.2"
  url_launcher_web:
    dependency: transitive
    description:
      name: url_launcher_web
      sha256: "85c81589622fbc87c1c683aaea164d3604a7777495a79d91e39ffcdec39ddb34"
      url: "https://pub.dev"
    source: hosted
    version: "2.4.3"
  url_launcher_windows:
    dependency: transitive
    description:
      name: url_launcher_windows
      sha256: "712c70ab1b99744ff066053cbe3e80c73332b38d46e5e945c98689b2e66fc15f"
      url: "https://pub.dev"
    source: hosted
    version: "3.1.5"
  uuid:
    dependency: transitive
    description:
      name: uuid
      sha256: "1fef9e8e11e2991bb773070d4656b7bd5d850967a2456cfc83cf47925ba79489"
      url: "https://pub.dev"
    source: hosted
    version: "4.5.3"
  vector_graphics:
    dependency: transitive
    description:
      name: vector_graphics
      sha256: "2306c03da2ba81724afeb589c351ebbc0aa7d86005925be8f8735856dbe5e42d"
      url: "https://pub.dev"
    source: hosted
    version: "1.2.2"
  vector_graphics_codec:
    dependency: transitive
    description:
      name: vector_graphics_codec
      sha256: "99fd9fbd34d9f9a32efd7b6a6aae14125d8237b10403b422a6a6dfeac2806146"
      url: "https://pub.dev"
    source: hosted
    version: "1.1.13"
  vector_graphics_compiler:
    dependency: transitive
    description:
      name: vector_graphics_compiler
      sha256: "142a9146f447d15b10bdc00e21d5f4d83e5b32bb5f8f8f5a04c75311344923a3"
      url: "https://pub.dev"
    source: hosted
    version: "1.2.6"
  vector_math:
    dependency: transitive
    description:
      name: vector_math
      sha256: f36f9f3be64c6198714492bb455c11056e33e2f85d9a0b676a48301e44fdcf47
      url: "https://pub.dev"
    source: hosted
    version: "2.4.2"
  video_player:
    dependency: transitive
    description:
      name: video_player
      sha256: "48a7bdaa38a3d50ec10c78627abdbfad863fdf6f0d6e08c7c3c040cfd80ae36f"
      url: "https://pub.dev"
    source: hosted
    version: "2.11.1"
  video_player_android:
    dependency: transitive
    description:
      name: video_player_android
      sha256: "877a6c7ba772456077d7bfd71314629b3fe2b73733ce503fc77c3314d43a0ca0"
      url: "https://pub.dev"
    source: hosted
    version: "2.9.5"
  video_player_avfoundation:
    dependency: transitive
    description:
      name: video_player_avfoundation
      sha256: "76097729ef0c976937945afa53f1ca3afa9b50c9a95909ba347bcf93270466fd"
      url: "https://pub.dev"
    source: hosted
    version: "2.10.0"
  video_player_platform_interface:
    dependency: transitive
    description:
      name: video_player_platform_interface
      sha256: "92c0fbabe20c788e71fd10d26cea998d0d253282e65d145aed0818731cf593ce"
      url: "https://pub.dev"
    source: hosted
    version: "6.9.0"
  video_player_web:
    dependency: transitive
    description:
      name: video_player_web
      sha256: "9f3c00be2ef9b76a95d94ac5119fb843dca6f2c69e6c9968f6f2b6c9e7afbdeb"
      url: "https://pub.dev"
    source: hosted
    version: "2.4.0"
  visibility_detector:
    dependency: transitive
    description:
      name: visibility_detector
      sha256: dd5cc11e13494f432d15939c3aa8ae76844c42b723398643ce9addb88a5ed420
      url: "https://pub.dev"
    source: hosted
    version: "0.4.0+2"
  vm_service:
    dependency: transitive
    description:
      name: vm_service
      sha256: "0016aef94fc66495ac78af5859181e3f3bf2026bd8eecc72b9565601e19ab360"
      url: "https://pub.dev"
    source: hosted
    version: "15.2.0"
  wakelock_plus:
    dependency: "direct main"
    description:
      name: wakelock_plus
      sha256: ddf3db70eaa10c37558ff817519b85d527dbd21034fd5d8e1c2e85f31588f1c1
      url: "https://pub.dev"
    source: hosted
    version: "1.5.2"
  wakelock_plus_platform_interface:
    dependency: transitive
    description:
      name: wakelock_plus_platform_interface
      sha256: b13f99e992e7ae6a152e16c5559d3c07ff445b13330192662494e614ca3e7d7b
      url: "https://pub.dev"
    source: hosted
    version: "1.5.1"
  web:
    dependency: transitive
    description:
      name: web
      sha256: "868d88a33d8a87b18ffc05f9f030ba328ffefba92d6c127917a2ba740f9cfe4a"
      url: "https://pub.dev"
    source: hosted
    version: "1.1.1"
  win32:
    dependency: transitive
    description:
      name: win32
      sha256: d7cb55e04cd34096cd3a79b3330245f54cb96a370a1c27adb3c84b917de8b08e
      url: "https://pub.dev"
    source: hosted
    version: "5.15.0"
  win32_registry:
    dependency: transitive
    description:
      name: win32_registry
      sha256: "6f1b564492d0147b330dd794fee8f512cec4977957f310f9951b5f9d83618dae"
      url: "https://pub.dev"
    source: hosted
    version: "2.1.0"
  window_manager:
    dependency: "direct main"
    description:
      path: "packages/window_manager"
      ref: windows_fullscreen_fix
      resolved-ref: "2fdb7941a01fb89d59b4019b5721faf5163b8f2e"
      url: "https://github.com/YuiHrsw/window_manager.git"
    source: git
    version: "0.4.3"
  window_to_front:
    dependency: transitive
    description:
      name: window_to_front
      sha256: "14fad8984db4415e2eeb30b04bb77140b180e260d6cb66b26de126a8657a9241"
      url: "https://pub.dev"
    source: hosted
    version: "0.0.4"
  xdg_directories:
    dependency: transitive
    description:
      name: xdg_directories
      sha256: "7a3f37b05d989967cdddcbb571f1ea834867ae2faa29725fd085180e0883aa15"
      url: "https://pub.dev"
    source: hosted
    version: "1.1.0"
  xml:
    dependency: transitive
    description:
      name: xml
      sha256: "971043b3a0d3da28727e40ed3e0b5d18b742fa5a68665cca88e74b7876d5e025"
      url: "https://pub.dev"
    source: hosted
    version: "6.6.1"
  yaml:
    dependency: transitive
    description:
      name: yaml
      sha256: b9da305ac7c39faa3f030eccd175340f968459dae4af175130b3fc47e40d76ce
      url: "https://pub.dev"
    source: hosted
    version: "3.1.3"
sdks:
  dart: ">=3.11.0 <4.0.0"
  flutter: ">=3.41.0"
